// !$*UTF8*$!
{
	archiveVersion = 1;
	classes = {
	};
	objectVersion = 46;
	objects = {

/* Begin PBXBuildFile section */
		3A50731B1C24A8A5000F5934 /* AppDelegate.swift in Sources */ = {isa = PBXBuildFile; fileRef = 3A50731A1C24A8A5000F5934 /* AppDelegate.swift */; };
		3A50731D1C24A8A5000F5934 /* ViewController.swift in Sources */ = {isa = PBXBuildFile; fileRef = 3A50731C1C24A8A5000F5934 /* ViewController.swift */; };
		3A5073201C24A8A5000F5934 /* Main.storyboard in Resources */ = {isa = PBXBuildFile; fileRef = 3A50731E1C24A8A5000F5934 /* Main.storyboard */; };
		3A5073221C24A8A5000F5934 /* Assets.xcassets in Resources */ = {isa = PBXBuildFile; fileRef = 3A5073211C24A8A5000F5934 /* Assets.xcassets */; };
		3A5073251C24A8A5000F5934 /* LaunchScreen.storyboard in Resources */ = {isa = PBXBuildFile; fileRef = 3A5073231C24A8A5000F5934 /* LaunchScreen.storyboard */; };
/* End PBXBuildFile section */

/* Begin PBXFileReference section */
		3A5073171C24A8A5000F5934 /* Forms.app */ = {isa = PBXFileReference; explicitFileType = wrapper.application; includeInIndex = 0; path = Forms.app; sourceTree = BUILT_PRODUCTS_DIR; };
		3A50731A1C24A8A5000F5934 /* AppDelegate.swift */ = {isa = PBXFileReference; lastKnownFileType = sourcecode.swift; path = AppDelegate.swift; sourceTree = "<group>"; };
		3A50731C1C24A8A5000F5934 /* ViewController.swift */ = {isa = PBXFileReference; lastKnownFileType = sourcecode.swift; path = ViewController.swift; sourceTree = "<group>"; };
		3A50731F1C24A8A5000F5934 /* Base */ = {isa = PBXFileReference; lastKnownFileType = file.storyboard; name = Base; path = Base.lproj/Main.storyboard; sourceTree = "<group>"; };
		3A5073211C24A8A5000F5934 /* Assets.xcassets */ = {isa = PBXFileReference; lastKnownFileType = folder.assetcatalog; path = Assets.xcassets; sourceTree = "<group>"; };
		3A5073241C24A8A5000F5934 /* Base */ = {isa = PBXFileReference; lastKnownFileType = file.storyboard; name = Base; path = Base.lproj/LaunchScreen.storyboard; sourceTree = "<group>"; };
		3A5073261C24A8A5000F5934 /* Info.plist */ = {isa = PBXFileReference; lastKnownFileType = text.plist.xml; path = Info.plist; sourceTree = "<group>"; };
/* End PBXFileReference section */

/* Begin PBXFrameworksBuildPhase section */
		3A5073141C24A8A5000F5934 /* Frameworks */ = {
			isa = PBXFrameworksBuildPhase;
			buildActionMask = 2147483647;
			files = (
			);
			runOnlyForDeploymentPostprocessing = 0;
		};
/* End PBXFrameworksBuildPhase section */

/* Begin PBXGroup section */
		3A50730E1C24A8A5000F5934 = {
			isa = PBXGroup;
			children = (
				3A5073191C24A8A5000F5934 /* test3 */,
				3A5073181C24A8A5000F5934 /* Products */,
			);
			sourceTree = "<group>";
		};
		3A5073181C24A8A5000F5934 /* Products */ = {
			isa = PBXGroup;
			children = (
				3A5073171C24A8A5000F5934 /* Forms.app */,
			);
			name = Products;
			sourceTree = "<group>";
		};
		3A5073191C24A8A5000F5934 /* test3 */ = {
			isa = PBXGroup;
			children = (
				3A50731A1C24A8A5000F5934 /* AppDelegate.swift */,
				3A50731C1C24A8A5000F5934 /* ViewController.swift */,
				3A50731E1C24A8A5000F5934 /* Main.storyboard */,
				3A5073211C24A8A5000F5934 /* Assets.xcassets */,
				3A5073231C24A8A5000F5934 /* LaunchScreen.storyboard */,
				3A5073261C24A8A5000F5934 /* Info.plist */,
			);
			path = test3;
			sourceTree = "<group>";
		};
/* End PBXGroup section */

/* Begin PBXNativeTarget section */
		3A5073161C24A8A5000F5934 /* Forms */ = {
			isa = PBXNativeTarget;
			buildConfigurationList = 3A5073291C24A8A5000F5934 /* Build configuration list for PBXNativeTarget "Forms" */;
			buildPhases = (
				3A5073131C24A8A5000F5934 /* Sources */,
				3A5073141C24A8A5000F5934 /* Frameworks */,
				3A5073151C24A8A5000F5934 /* Resources */,
			);
			buildRules = (
			);
			dependencies = (
			);
			name = Forms;
			productName = test3;
			productReference = 3A5073171C24A8A5000F5934 /* Forms.app */;
			productType = "com.apple.product-type.application";
		};
/* End PBXNativeTarget section */

/* Begin PBXProject section */
		3A50730F1C24A8A5000F5934 /* Project object */ = {
			isa = PBXProject;
			attributes = {
				LastSwiftUpdateCheck = 0720;
				LastUpgradeCheck = 0720;
				ORGANIZATIONNAME = "Jatin K Vaishnav";
				TargetAttributes = {
					3A5073161C24A8A5000F5934 = {
						CreatedOnToolsVersion = 7.2;
					};
				};
			};
			buildConfigurationList = 3A5073121C24A8A5000F5934 /* Build configuration list for PBXProject "Forms" */;
			compatibilityVersion = "Xcode 3.2";
			developmentRegion = English;
			hasScannedForEncodings = 0;
			knownRegions = (
				en,
				Base,
			);
			mainGroup = 3A50730E1C24A8A5000F5934;
			productRefGroup = 3A5073181C24A8A5000F5934 /* Products */;
			projectDirPath = "";
			projectRoot = "";
			targets = (
				3A5073161C24A8A5000F5934 /* Forms */,
			);
		};
/* End PBXProject section */

/* Begin PBXResourcesBuildPhase section */
		3A5073151C24A8A5000F5934 /* Resources */ = {
			isa = PBXResourcesBuildPhase;
			buildActionMask = 2147483647;
			files = (
				3A5073251C24A8A5000F5934 /* LaunchScreen.storyboard in Resources */,
				3A5073221C24A8A5000F5934 /* Assets.xcassets in Resources */,
				3A5073201C24A8A5000F5934 /* Main.storyboard in Resources */,
			);
			runOnlyForDeploymentPostprocessing = 0;
		};
/* End PBXResourcesBuildPhase section */

/* Begin PBXSourcesBuildPhase section */
		3A5073131C24A8A5000F5934 /* Sources */ = {
			isa = PBXSourcesBuildPhase;
			buildActionMask = 2147483647;
			files = (
				3A50731D1C24A8A5000F5934 /* ViewController.swift in Sources */,
				3A50731B1C24A8A5000F5934 /* AppDelegate.swift in Sources */,
			);
			runOnlyForDeploymentPostprocessing = 0;
		};
/* End PBXSourcesBuildPhase section */

/* Begin PBXVariantGroup section */
		3A50731E1C24A8A5000F5934 /* Main.storyboard */ = {
			isa = PBXVariantGroup;
			children = (
				3A50731F1C24A8A5000F5934 /* Base */,
			);
			name = Main.storyboard;
			sourceTree = "<group>";
		};
		3A5073231C24A8A5000F5934 /* LaunchScreen.storyboard */ = {
			isa = PBXVariantGroup;
			children = (
				3A5073241C24A8A5000F5934 /* Base */,
			);
			name = LaunchScreen.storyboard;
			sourceTree = "<group>";
		};
/* End PBXVariantGroup section */

/* Begin XCBuildConfiguration section */
		3A5073271C24A8A5000F5934 /* Debug */ = {
			isa = XCBuildConfiguration;
			buildSettings = {
				ALWAYS_SEARCH_USER_PATHS = NO;
				CLANG_CXX_LANGUAGE_STANDARD = "gnu++0x";
				CLANG_CXX_LIBRARY = "libc++";
				CLANG_ENABLE_MODULES = YES;
				CLANG_ENABLE_OBJC_ARC = YES;
				CLANG_WARN_BOOL_CONVERSION = YES;
				CLANG_WARN_CONSTANT_CONVERSION = YES;
				CLANG_WARN_DIRECT_OBJC_ISA_USAGE = YES_ERROR;
				CLANG_WARN_EMPTY_BODY = YES;
				CLANG_WARN_ENUM_CONVERSION = YES;
				CLANG_WARN_INT_CONVERSION = YES;
				CLANG_WARN_OBJC_ROOT_CLASS = YES_ERROR;
				CLANG_WARN_UNREACHABLE_CODE = YES;
				CLANG_WARN__DUPLICATE_METHOD_MATCH = YES;
				"CODE_SIGN_IDENTITY[sdk=iphoneos*]" = "iPhone Developer";
				COPY_PHASE_STRIP = NO;
				DEBUG_INFORMATION_FORMAT = dwarf;
				ENABLE_STRICT_OBJC_MSGSEND = YES;
				ENABLE_TESTABILITY = YES;
				GCC_C_LANGUAGE_STANDARD = gnu99;
				GCC_DYNAMIC_NO_PIC = NO;
				GCC_NO_COMMON_BLOCKS = YES;
				GCC_OPTIMIZATION_LEVEL = 0;
				GCC_PREPROCESSOR_DEFINITIONS = (
					"DEBUG=1",
					"$(inherited)",
				);
				GCC_WARN_64_TO_32_BIT_CONVERSION = YES;
				GCC_WARN_ABOUT_RETURN_TYPE = YES_ERROR;
				GCC_WARN_UNDECLARED_SELECTOR = YES;
				GCC_WARN_UNINITIALIZED_AUTOS = YES_AGGRESSIVE;
				GCC_WARN_UNUSED_FUNCTION = YES;
				GCC_WARN_UNUSED_VARIABLE = YES;
				IPHONEOS_DEPLOYMENT_TARGET = 9.2;
				MTL_ENABLE_DEBUG_INFO = YES;
				ONLY_ACTIVE_ARCH = YES;
				SDKROOT = iphoneos;
				SWIFT_OPTIMIZATION_LEVEL = "-Onone";
				TARGETED_DEVICE_FAMILY = "1,2";
			};
			name = Debug;
		};
		3A5073281C24A8A5000F5934 /* Release */ = {
			isa = XCBuildConfiguration;
			buildSettings = {
				ALWAYS_SEARCH_USER_PATHS = NO;
				CLANG_CXX_LANGUAGE_STANDARD = "gnu++0x";
				CLANG_CXX_LIBRARY = "libc++";
				CLANG_ENABLE_MODULES = YES;
				CLANG_ENABLE_OBJC_ARC = YES;
				CLANG_WARN_BOOL_CONVERSION = YES;
				CLANG_WARN_CONSTANT_CONVERSION = YES;
				CLANG_WARN_DIRECT_OBJC_ISA_USAGE = YES_ERROR;
				CLANG_WARN_EMPTY_BODY = YES;
				CLANG_WARN_ENUM_CONVERSION = YES;
				CLANG_WARN_INT_CONVERSION = YES;
				CLANG_WARN_OBJC_ROOT_CLASS = YES_ERROR;
				CLANG_WARN_UNREACHABLE_CODE = YES;
				CLANG_WARN__DUPLICATE_METHOD_MATCH = YES;
				"CODE_SIGN_IDENTITY[sdk=iphoneos*]" = "iPhone Developer";
				COPY_PHASE_STRIP = NO;
				DEBUG_INFORMATION_FORMAT = "dwarf-with-dsym";
				ENABLE_NS_ASSERTIONS = NO;
				ENABLE_STRICT_OBJC_MSGSEND = YES;
				GCC_C_LANGUAGE_STANDARD = gnu99;
				GCC_NO_COMMON_BLOCKS = YES;
				GCC_WARN_64_TO_32_BIT_CONVERSION = YES;
				GCC_WARN_ABOUT_RETURN_TYPE = YES_ERROR;
				GCC_WARN_UNDECLARED_SELECTOR = YES;
				GCC_WARN_UNINITIALIZED_AUTOS = YES_AGGRESSIVE;
				GCC_WARN_UNUSED_FUNCTION = YES;
				GCC_WARN_UNUSED_VARIABLE = YES;
				IPHONEOS_DEPLOYMENT_TARGET = 9.2;
				MTL_ENABLE_DEBUG_INFO = NO;
				SDKROOT = iphoneos;
				TARGETED_DEVICE_FAMILY = "1,2";
				VALIDATE_PRODUCT = YES;
			};
			name = Release;
		};
		3A50732A1C24A8A5000F5934 /* Debug */ = {
			isa = XCBuildConfiguration;
			buildSettings = {
				ASSETCATALOG_COMPILER_APPICON_NAME = AppIcon;
				INFOPLIST_FILE = test3/Info.plist;
				LD_RUNPATH_SEARCH_PATHS = "$(inherited) @executable_path/Frameworks";
				PRODUCT_BUNDLE_IDENTIFIER = vjatin.test3;
				PRODUCT_NAME = Forms;
			};
			name = Debug;
		};
		3A50732B1C24A8A5000F5934 /* Release */ = {
			isa = XCBuildConfiguration;
			buildSettings = {
				ASSETCATALOG_COMPILER_APPICON_NAME = AppIcon;
				INFOPLIST_FILE = test3/Info.plist;
				LD_RUNPATH_SEARCH_PATHS = "$(inherited) @executable_path/Frameworks";
				PRODUCT_BUNDLE_IDENTIFIER = vjatin.test3;
				PRODUCT_NAME = Forms;
			};
			name = Release;
		};
/* End XCBuildConfiguration section */

/* Begin XCConfigurationList section */
		3A5073121C24A8A5000F5934 /* Build configuration list for PBXProject "Forms" */ = {
			isa = XCConfigurationList;
			buildConfigurations = (
				3A5073271C24A8A5000F5934 /* Debug */,
				3A5073281C24A8A5000F5934 /* Release */,
			);
			defaultConfigurationIsVisible = 0;
			defaultConfigurationName = Release;
		};
		3A5073291C24A8A5000F5934 /* Build configuration list for PBXNativeTarget "Forms" */ = {
			isa = XCConfigurationList;
			buildConfigurations = (
				3A50732A1C24A8A5000F5934 /* Debug */,
				3A50732B1C24A8A5000F5934 /* Release */,
			);
			defaultConfigurationIsVisible = 0;
			defaultConfigurationName = Release;
		};
/* End XCConfigurationList section */
	};
	rootObject = 3A50730F1C24A8A5000F5934 /* Project object */;
}
